
Microsoft Visual Studio Solution File, Format Version 12.00
# Visual Studio Version 17
VisualStudioVersion = 17.11.35222.181
MinimumVisualStudioVersion = 10.0.40219.1
Project("{FAE04EC0-301F-11D3-BF4B-00C04F79EFBC}") = "library.api", "library.api\library.api.csproj", "{189F9BEA-C299-479D-897B-E3A81A5B62CD}"
EndProject
Project("{FAE04EC0-301F-11D3-BF4B-00C04F79EFBC}") = "librar.data", "librar.data\librar.data.csproj", "{DDC414A5-95FC-48CA-8234-7EFD15019314}"
EndProject
Project("{FAE04EC0-301F-11D3-BF4B-00C04F79EFBC}") = "library.bll", "library.bll\library.bll.csproj", "{B085DF66-0A51-4F2B-829C-E0F1754EC451}"
EndProject
Global
	GlobalSection(SolutionConfigurationPlatforms) = preSolution
		Debug|Any CPU = Debug|Any CPU
		Release|Any CPU = Release|Any CPU
	EndGlobalSection
	GlobalSection(ProjectConfigurationPlatforms) = postSolution
		{189F9BEA-C299-479D-897B-E3A81A5B62CD}.Debug|Any CPU.ActiveCfg = Debug|Any CPU
		{189F9BEA-C299-479D-897B-E3A81A5B62CD}.Debug|Any CPU.Build.0 = Debug|Any CPU
		{189F9BEA-C299-479D-897B-E3A81A5B62CD}.Release|Any CPU.ActiveCfg = Release|Any CPU
		{189F9BEA-C299-479D-897B-E3A81A5B62CD}.Release|Any CPU.Build.0 = Release|Any CPU
		{DDC414A5-95FC-48CA-8234-7EFD15019314}.Debug|Any CPU.ActiveCfg = Debug|Any CPU
		{DDC414A5-95FC-48CA-8234-7EFD15019314}.Debug|Any CPU.Build.0 = Debug|Any CPU
		{DDC414A5-95FC-48CA-8234-7EFD15019314}.Release|Any CPU.ActiveCfg = Release|Any CPU
		{DDC414A5-95FC-48CA-8234-7EFD15019314}.Release|Any CPU.Build.0 = Release|Any CPU
		{B085DF66-0A51-4F2B-829C-E0F1754EC451}.Debug|Any CPU.ActiveCfg = Debug|Any CPU
		{B085DF66-0A51-4F2B-829C-E0F1754EC451}.Debug|Any CPU.Build.0 = Debug|Any CPU
		{B085DF66-0A51-4F2B-829C-E0F1754EC451}.Release|Any CPU.ActiveCfg = Release|Any CPU
		{B085DF66-0A51-4F2B-829C-E0F1754EC451}.Release|Any CPU.Build.0 = Release|Any CPU
	EndGlobalSection
	GlobalSection(SolutionProperties) = preSolution
		HideSolutionNode = FALSE
	EndGlobalSection
	GlobalSection(ExtensibilityGlobals) = postSolution
		SolutionGuid = {DAC4F9F3-87D4-4529-AF27-0C8418F85BA9}
	EndGlobalSection
EndGlobal
